
Microsoft Visual Studio Solution File, Format Version 11.00
# Visual Studio 2010
Project("{FAE04EC0-301F-11D3-BF4B-00C04F79EFBC}") = "Kobutan", "Kobutan\Kobutan.csproj", "{C933D805-0F95-4460-9FAB-04619F80D4F4}"
EndProject
Project("{FAE04EC0-301F-11D3-BF4B-00C04F79EFBC}") = "CommanderCreater", "CommanderCreater\CommanderCreater.csproj", "{49A970E9-60FD-413F-AE20-D486B2B59BF4}"
EndProject
Project("{FAE04EC0-301F-11D3-BF4B-00C04F79EFBC}") = "Commander", "Commander\Commander.csproj", "{D1BE0BD0-49D0-4C06-A63E-D90233A75D10}"
EndProject
Project("{FAE04EC0-301F-11D3-BF4B-00C04F79EFBC}") = "Communication", "Communication\Communication.csproj", "{51F85D88-FF45-439F-A2A1-378B19156413}"
EndProject
Project("{FAE04EC0-301F-11D3-BF4B-00C04F79EFBC}") = "CommanderUnpack", "CommanderUnpack\CommanderUnpack.csproj", "{BAED5E6A-62DB-42AE-8E19-195A88639436}"
EndProject
Project("{FAE04EC0-301F-11D3-BF4B-00C04F79EFBC}") = "CommanderPack", "CommanderPack\CommanderPack.csproj", "{37BC5D36-2A4A-481E-BD4E-4E6B35F4EAE9}"
EndProject
Global
	GlobalSection(SolutionConfigurationPlatforms) = preSolution
		Debug|Any CPU = Debug|Any CPU
		Debug|Mixed Platforms = Debug|Mixed Platforms
		Debug|x86 = Debug|x86
		Release|Any CPU = Release|Any CPU
		Release|Mixed Platforms = Release|Mixed Platforms
		Release|x86 = Release|x86
	EndGlobalSection
	GlobalSection(ProjectConfigurationPlatforms) = postSolution
		{C933D805-0F95-4460-9FAB-04619F80D4F4}.Debug|Any CPU.ActiveCfg = Debug|x86
		{C933D805-0F95-4460-9FAB-04619F80D4F4}.Debug|Mixed Platforms.ActiveCfg = Debug|x86
		{C933D805-0F95-4460-9FAB-04619F80D4F4}.Debug|Mixed Platforms.Build.0 = Debug|x86
		{C933D805-0F95-4460-9FAB-04619F80D4F4}.Debug|x86.ActiveCfg = Debug|x86
		{C933D805-0F95-4460-9FAB-04619F80D4F4}.Debug|x86.Build.0 = Debug|x86
		{C933D805-0F95-4460-9FAB-04619F80D4F4}.Release|Any CPU.ActiveCfg = Release|x86
		{C933D805-0F95-4460-9FAB-04619F80D4F4}.Release|Mixed Platforms.ActiveCfg = Release|x86
		{C933D805-0F95-4460-9FAB-04619F80D4F4}.Release|Mixed Platforms.Build.0 = Release|x86
		{C933D805-0F95-4460-9FAB-04619F80D4F4}.Release|x86.ActiveCfg = Release|x86
		{C933D805-0F95-4460-9FAB-04619F80D4F4}.Release|x86.Build.0 = Release|x86
		{49A970E9-60FD-413F-AE20-D486B2B59BF4}.Debug|Any CPU.ActiveCfg = Debug|x86
		{49A970E9-60FD-413F-AE20-D486B2B59BF4}.Debug|Mixed Platforms.ActiveCfg = Debug|x86
		{49A970E9-60FD-413F-AE20-D486B2B59BF4}.Debug|Mixed Platforms.Build.0 = Debug|x86
		{49A970E9-60FD-413F-AE20-D486B2B59BF4}.Debug|x86.ActiveCfg = Debug|x86
		{49A970E9-60FD-413F-AE20-D486B2B59BF4}.Debug|x86.Build.0 = Debug|x86
		{49A970E9-60FD-413F-AE20-D486B2B59BF4}.Release|Any CPU.ActiveCfg = Release|x86
		{49A970E9-60FD-413F-AE20-D486B2B59BF4}.Release|Mixed Platforms.ActiveCfg = Release|x86
		{49A970E9-60FD-413F-AE20-D486B2B59BF4}.Release|Mixed Platforms.Build.0 = Release|x86
		{49A970E9-60FD-413F-AE20-D486B2B59BF4}.Release|x86.ActiveCfg = Release|x86
		{49A970E9-60FD-413F-AE20-D486B2B59BF4}.Release|x86.Build.0 = Release|x86
		{D1BE0BD0-49D0-4C06-A63E-D90233A75D10}.Debug|Any CPU.ActiveCfg = Debug|Any CPU
		{D1BE0BD0-49D0-4C06-A63E-D90233A75D10}.Debug|Any CPU.Build.0 = Debug|Any CPU
		{D1BE0BD0-49D0-4C06-A63E-D90233A75D10}.Debug|Mixed Platforms.ActiveCfg = Debug|Any CPU
		{D1BE0BD0-49D0-4C06-A63E-D90233A75D10}.Debug|Mixed Platforms.Build.0 = Debug|Any CPU
		{D1BE0BD0-49D0-4C06-A63E-D90233A75D10}.Debug|x86.ActiveCfg = Debug|Any CPU
		{D1BE0BD0-49D0-4C06-A63E-D90233A75D10}.Release|Any CPU.ActiveCfg = Release|Any CPU
		{D1BE0BD0-49D0-4C06-A63E-D90233A75D10}.Release|Any CPU.Build.0 = Release|Any CPU
		{D1BE0BD0-49D0-4C06-A63E-D90233A75D10}.Release|Mixed Platforms.ActiveCfg = Release|Any CPU
		{D1BE0BD0-49D0-4C06-A63E-D90233A75D10}.Release|Mixed Platforms.Build.0 = Release|Any CPU
		{D1BE0BD0-49D0-4C06-A63E-D90233A75D10}.Release|x86.ActiveCfg = Release|Any CPU
		{51F85D88-FF45-439F-A2A1-378B19156413}.Debug|Any CPU.ActiveCfg = Debug|Any CPU
		{51F85D88-FF45-439F-A2A1-378B19156413}.Debug|Any CPU.Build.0 = Debug|Any CPU
		{51F85D88-FF45-439F-A2A1-378B19156413}.Debug|Mixed Platforms.ActiveCfg = Debug|Any CPU
		{51F85D88-FF45-439F-A2A1-378B19156413}.Debug|Mixed Platforms.Build.0 = Debug|Any CPU
		{51F85D88-FF45-439F-A2A1-378B19156413}.Debug|x86.ActiveCfg = Debug|Any CPU
		{51F85D88-FF45-439F-A2A1-378B19156413}.Release|Any CPU.ActiveCfg = Release|Any CPU
		{51F85D88-FF45-439F-A2A1-378B19156413}.Release|Any CPU.Build.0 = Release|Any CPU
		{51F85D88-FF45-439F-A2A1-378B19156413}.Release|Mixed Platforms.ActiveCfg = Release|Any CPU
		{51F85D88-FF45-439F-A2A1-378B19156413}.Release|Mixed Platforms.Build.0 = Release|Any CPU
		{51F85D88-FF45-439F-A2A1-378B19156413}.Release|x86.ActiveCfg = Release|Any CPU
		{BAED5E6A-62DB-42AE-8E19-195A88639436}.Debug|Any CPU.ActiveCfg = Debug|x86
		{BAED5E6A-62DB-42AE-8E19-195A88639436}.Debug|Mixed Platforms.ActiveCfg = Debug|x86
		{BAED5E6A-62DB-42AE-8E19-195A88639436}.Debug|Mixed Platforms.Build.0 = Debug|x86
		{BAED5E6A-62DB-42AE-8E19-195A88639436}.Debug|x86.ActiveCfg = Debug|x86
		{BAED5E6A-62DB-42AE-8E19-195A88639436}.Debug|x86.Build.0 = Debug|x86
		{BAED5E6A-62DB-42AE-8E19-195A88639436}.Release|Any CPU.ActiveCfg = Release|x86
		{BAED5E6A-62DB-42AE-8E19-195A88639436}.Release|Mixed Platforms.ActiveCfg = Release|x86
		{BAED5E6A-62DB-42AE-8E19-195A88639436}.Release|Mixed Platforms.Build.0 = Release|x86
		{BAED5E6A-62DB-42AE-8E19-195A88639436}.Release|x86.ActiveCfg = Release|x86
		{BAED5E6A-62DB-42AE-8E19-195A88639436}.Release|x86.Build.0 = Release|x86
		{37BC5D36-2A4A-481E-BD4E-4E6B35F4EAE9}.Debug|Any CPU.ActiveCfg = Debug|x86
		{37BC5D36-2A4A-481E-BD4E-4E6B35F4EAE9}.Debug|Mixed Platforms.ActiveCfg = Debug|x86
		{37BC5D36-2A4A-481E-BD4E-4E6B35F4EAE9}.Debug|Mixed Platforms.Build.0 = Debug|x86
		{37BC5D36-2A4A-481E-BD4E-4E6B35F4EAE9}.Debug|x86.ActiveCfg = Debug|x86
		{37BC5D36-2A4A-481E-BD4E-4E6B35F4EAE9}.Debug|x86.Build.0 = Debug|x86
		{37BC5D36-2A4A-481E-BD4E-4E6B35F4EAE9}.Release|Any CPU.ActiveCfg = Release|x86
		{37BC5D36-2A4A-481E-BD4E-4E6B35F4EAE9}.Release|Mixed Platforms.ActiveCfg = Release|x86
		{37BC5D36-2A4A-481E-BD4E-4E6B35F4EAE9}.Release|Mixed Platforms.Build.0 = Release|x86
		{37BC5D36-2A4A-481E-BD4E-4E6B35F4EAE9}.Release|x86.ActiveCfg = Release|x86
		{37BC5D36-2A4A-481E-BD4E-4E6B35F4EAE9}.Release|x86.Build.0 = Release|x86
	EndGlobalSection
	GlobalSection(SolutionProperties) = preSolution
		HideSolutionNode = FALSE
	EndGlobalSection
EndGlobal
